# THIS IS AN AUTOGENERATED FILE. DO NOT EDIT THIS FILE DIRECTLY.
# yarn lockfile v1


"@aashutoshrathi/word-wrap@^1.2.3":
  version "1.2.6"
  resolved "https://registry.yarnpkg.com/@aashutoshrathi/word-wrap/-/word-wrap-1.2.6.tgz#bd9154aec9983f77b3a034ecaa015c2e4201f6cf"
  integrity sha512-1Yjs2SvM8TflER/OD3cOjhWWOZb58A2t7wpE2S9XfBYTiIl+XFhQG2bjy4Pu1I+EAlCNUzRDYDdFwFYUKvXcIA==

"@adiwajshing/eslint-config@github:adiwajshing/eslint-config":
  version "1.0.0"
  resolved "https://codeload.github.com/adiwajshing/eslint-config/tar.gz/dd6fbbce8bee82f051cd802efc522e393e0b23d0"
  dependencies:
    "@typescript-eslint/eslint-plugin" "^5.33.1"
    "@typescript-eslint/parser" "^5.59.0"
    eslint-plugin-react "^7.32.2"
    eslint-plugin-simple-import-sort "^10.0.0"

"@adiwajshing/keyed-db@^0.2.4":
  version "0.2.4"
  resolved "https://registry.yarnpkg.com/@adiwajshing/keyed-db/-/keyed-db-0.2.4.tgz#2a09e88fce20b2672deb60a7750c5fe3ab0dfd99"
  integrity sha512-yprSnAtj80/VKuDqRcFFLDYltoNV8tChNwFfIgcf6PGD4sjzWIBgs08pRuTqGH5mk5wgL6PBRSsMCZqtZwzFEw==

"@ampproject/remapping@^2.2.0":
  version "2.2.1"
  resolved "https://registry.yarnpkg.com/@ampproject/remapping/-/remapping-2.2.1.tgz#99e8e11851128b8702cd57c33684f1d0f260b630"
  integrity sha512-lFMjJTrFL3j7L9yBxwYfCq2k6qqwHyzuUl/XBnif78PWTJYyL/dfowQHWE3sp6U6ZzqWiiIZnpTMO96zhkjwtg==
  dependencies:
    "@jridgewell/gen-mapping" "^0.3.0"
    "@jridgewell/trace-mapping" "^0.3.9"

"@babel/code-frame@^7.0.0", "@babel/code-frame@^7.12.13", "@babel/code-frame@^7.22.10", "@babel/code-frame@^7.22.5":
  version "7.22.10"
  resolved "https://registry.yarnpkg.com/@babel/code-frame/-/code-frame-7.22.10.tgz#1c20e612b768fefa75f6e90d6ecb86329247f0a3"
  integrity sha512-/KKIMG4UEL35WmI9OlvMhurwtytjvXoFcGNrOvyG9zIzA8YmPjVtIZUf7b05+TPO7G7/GEmLHDaoCgACHl9hhA==
  dependencies:
    "@babel/highlight" "^7.22.10"
    chalk "^2.4.2"

"@babel/compat-data@^7.22.9":
  version "7.22.9"
  resolved "https://registry.yarnpkg.com/@babel/compat-data/-/compat-data-7.22.9.tgz#71cdb00a1ce3a329ce4cbec3a44f9fef35669730"
  integrity sha512-5UamI7xkUcJ3i9qVDS+KFDEK8/7oJ55/sJMB1Ge7IEapr7KfdfV/HErR+koZwOfd+SgtFKOKRhRakdg++DcJpQ==

"@babel/core@^7.1.0", "@babel/core@^7.12.3", "@babel/core@^7.7.2", "@babel/core@^7.8.0":
  version "7.22.11"
  resolved "https://registry.yarnpkg.com/@babel/core/-/core-7.22.11.tgz#8033acaa2aa24c3f814edaaa057f3ce0ba559c24"
  integrity sha512-lh7RJrtPdhibbxndr6/xx0w8+CVlY5FJZiaSz908Fpy+G0xkBFTvwLcKJFF4PJxVfGhVWNebikpWGnOoC71juQ==
  dependencies:
    "@ampproject/remapping" "^2.2.0"
    "@babel/code-frame" "^7.22.10"
    "@babel/generator" "^7.22.10"
    "@babel/helper-compilation-targets" "^7.22.10"
    "@babel/helper-module-transforms" "^7.22.9"
    "@babel/helpers" "^7.22.11"
    "@babel/parser" "^7.22.11"
    "@babel/template" "^7.22.5"
    "@babel/traverse" "^7.22.11"
    "@babel/types" "^7.22.11"
    convert-source-map "^1.7.0"
    debug "^4.1.0"
    gensync "^1.0.0-beta.2"
    json5 "^2.2.3"
    semver "^6.3.1"

"@babel/generator@^7.22.10", "@babel/generator@^7.7.2":
  version "7.22.10"
  resolved "https://registry.yarnpkg.com/@babel/generator/-/generator-7.22.10.tgz#c92254361f398e160645ac58831069707382b722"
  integrity sha512-79KIf7YiWjjdZ81JnLujDRApWtl7BxTqWD88+FFdQEIOG8LJ0etDOM7CXuIgGJa55sGOwZVwuEsaLEm0PJ5/+A==
  dependencies:
    "@babel/types" "^7.22.10"
    "@jridgewell/gen-mapping" "^0.3.2"
    "@jridgewell/trace-mapping" "^0.3.17"
    jsesc "^2.5.1"

"@babel/helper-compilation-targets@^7.22.10":
  version "7.22.10"
  resolved "https://registry.yarnpkg.com/@babel/helper-compilation-targets/-/helper-compilation-targets-7.22.10.tgz#01d648bbc25dd88f513d862ee0df27b7d4e67024"
  integrity sha512-JMSwHD4J7SLod0idLq5PKgI+6g/hLD/iuWBq08ZX49xE14VpVEojJ5rHWptpirV2j020MvypRLAXAO50igCJ5Q==
  dependencies:
    "@babel/compat-data" "^7.22.9"
    "@babel/helper-validator-option" "^7.22.5"
    browserslist "^4.21.9"
    lru-cache "^5.1.1"
    semver "^6.3.1"

"@babel/helper-environment-visitor@^7.22.5":
  version "7.22.5"
  resolved "https://registry.yarnpkg.com/@babel/helper-environment-visitor/-/helper-environment-visitor-7.22.5.tgz#f06dd41b7c1f44e1f8da6c4055b41ab3a09a7e98"
  integrity sha512-XGmhECfVA/5sAt+H+xpSg0mfrHq6FzNr9Oxh7PSEBBRUb/mL7Kz3NICXb194rCqAEdxkhPT1a88teizAFyvk8Q==

"@babel/helper-function-name@^7.22.5":
  version "7.22.5"
  resolved "https://registry.yarnpkg.com/@babel/helper-function-name/-/helper-function-name-7.22.5.tgz#ede300828905bb15e582c037162f99d5183af1be"
  integrity sha512-wtHSq6jMRE3uF2otvfuD3DIvVhOsSNshQl0Qrd7qC9oQJzHvOL4qQXlQn2916+CXGywIjpGuIkoyZRRxHPiNQQ==
  dependencies:
    "@babel/template" "^7.22.5"
    "@babel/types" "^7.22.5"

"@babel/helper-hoist-variables@^7.22.5":
  version "7.22.5"
  resolved "https://registry.yarnpkg.com/@babel/helper-hoist-variables/-/helper-hoist-variables-7.22.5.tgz#c01a007dac05c085914e8fb652b339db50d823bb"
  integrity sha512-wGjk9QZVzvknA6yKIUURb8zY3grXCcOZt+/7Wcy8O2uctxhplmUPkOdlgoNhmdVee2c92JXbf1xpMtVNbfoxRw==
  dependencies:
    "@babel/types" "^7.22.5"

"@babel/helper-module-imports@^7.22.5":
  version "7.22.5"
  resolved "https://registry.yarnpkg.com/@babel/helper-module-imports/-/helper-module-imports-7.22.5.tgz#1a8f4c9f4027d23f520bd76b364d44434a72660c"
  integrity sha512-8Dl6+HD/cKifutF5qGd/8ZJi84QeAKh+CEe1sBzz8UayBBGg1dAIJrdHOcOM5b2MpzWL2yuotJTtGjETq0qjXg==
  dependencies:
    "@babel/types" "^7.22.5"

"@babel/helper-module-transforms@^7.22.9":
  version "7.22.9"
  resolved "https://registry.yarnpkg.com/@babel/helper-module-transforms/-/helper-module-transforms-7.22.9.tgz#92dfcb1fbbb2bc62529024f72d942a8c97142129"
  integrity sha512-t+WA2Xn5K+rTeGtC8jCsdAH52bjggG5TKRuRrAGNM/mjIbO4GxvlLMFOEz9wXY5I2XQ60PMFsAG2WIcG82dQMQ==
  dependencies:
    "@babel/helper-environment-visitor" "^7.22.5"
    "@babel/helper-module-imports" "^7.22.5"
    "@babel/helper-simple-access" "^7.22.5"
    "@babel/helper-split-export-declaration" "^7.22.6"
    "@babel/helper-validator-identifier" "^7.22.5"

"@babel/helper-plugin-utils@^7.0.0", "@babel/helper-plugin-utils@^7.10.4", "@babel/helper-plugin-utils@^7.12.13", "@babel/helper-plugin-utils@^7.14.5", "@babel/helper-plugin-utils@^7.22.5", "@babel/helper-plugin-utils@^7.8.0":
  version "7.22.5"
  resolved "https://registry.yarnpkg.com/@babel/helper-plugin-utils/-/helper-plugin-utils-7.22.5.tgz#dd7ee3735e8a313b9f7b05a773d892e88e6d7295"
  integrity sha512-uLls06UVKgFG9QD4OeFYLEGteMIAa5kpTPcFL28yuCIIzsf6ZyKZMllKVOCZFhiZ5ptnwX4mtKdWCBE/uT4amg==

"@babel/helper-simple-access@^7.22.5":
  version "7.22.5"
  resolved "https://registry.yarnpkg.com/@babel/helper-simple-access/-/helper-simple-access-7.22.5.tgz#4938357dc7d782b80ed6dbb03a0fba3d22b1d5de"
  integrity sha512-n0H99E/K+Bika3++WNL17POvo4rKWZ7lZEp1Q+fStVbUi8nxPQEBOlTmCOxW/0JsS56SKKQ+ojAe2pHKJHN35w==
  dependencies:
    "@babel/types" "^7.22.5"

"@babel/helper-split-export-declaration@^7.22.6":
  version "7.22.6"
  resolved "https://registry.yarnpkg.com/@babel/helper-split-export-declaration/-/helper-split-export-declaration-7.22.6.tgz#322c61b7310c0997fe4c323955667f18fcefb91c"
  integrity sha512-AsUnxuLhRYsisFiaJwvp1QF+I3KjD5FOxut14q/GzovUe6orHLesW2C7d754kRm53h5gqrz6sFl6sxc4BVtE/g==
  dependencies:
    "@babel/types" "^7.22.5"

"@babel/helper-string-parser@^7.22.5":
  version "7.22.5"
  resolved "https://registry.yarnpkg.com/@babel/helper-string-parser/-/helper-string-parser-7.22.5.tgz#533f36457a25814cf1df6488523ad547d784a99f"
  integrity sha512-mM4COjgZox8U+JcXQwPijIZLElkgEpO5rsERVDJTc2qfCDfERyob6k5WegS14SX18IIjv+XD+GrqNumY5JRCDw==

"@babel/helper-validator-identifier@^7.22.5":
  version "7.22.5"
  resolved "https://registry.yarnpkg.com/@babel/helper-validator-identifier/-/helper-validator-identifier-7.22.5.tgz#9544ef6a33999343c8740fa51350f30eeaaaf193"
  integrity sha512-aJXu+6lErq8ltp+JhkJUfk1MTGyuA4v7f3pA+BJ5HLfNC6nAQ0Cpi9uOquUj8Hehg0aUiHzWQbOVJGao6ztBAQ==

"@babel/helper-validator-option@^7.22.5":
  version "7.22.5"
  resolved "https://registry.yarnpkg.com/@babel/helper-validator-option/-/helper-validator-option-7.22.5.tgz#de52000a15a177413c8234fa3a8af4ee8102d0ac"
  integrity sha512-R3oB6xlIVKUnxNUxbmgq7pKjxpru24zlimpE8WK47fACIlM0II/Hm1RS8IaOI7NgCr6LNS+jl5l75m20npAziw==

"@babel/helpers@^7.22.11":
  version "7.22.11"
  resolved "https://registry.yarnpkg.com/@babel/helpers/-/helpers-7.22.11.tgz#b02f5d5f2d7abc21ab59eeed80de410ba70b056a"
  integrity sha512-vyOXC8PBWaGc5h7GMsNx68OH33cypkEDJCHvYVVgVbbxJDROYVtexSk0gK5iCF1xNjRIN2s8ai7hwkWDq5szWg==
  dependencies:
    "@babel/template" "^7.22.5"
    "@babel/traverse" "^7.22.11"
    "@babel/types" "^7.22.11"

"@babel/highlight@^7.22.10":
  version "7.22.10"
  resolved "https://registry.yarnpkg.com/@babel/highlight/-/highlight-7.22.10.tgz#02a3f6d8c1cb4521b2fd0ab0da8f4739936137d7"
  integrity sha512-78aUtVcT7MUscr0K5mIEnkwxPE0MaxkR5RxRwuHaQ+JuU5AmTPhY+do2mdzVTnIJJpyBglql2pehuBIWHug+WQ==
  dependencies:
    "@babel/helper-validator-identifier" "^7.22.5"
    chalk "^2.4.2"
    js-tokens "^4.0.0"

"@babel/parser@^7.1.0", "@babel/parser@^7.14.7", "@babel/parser@^7.20.7", "@babel/parser@^7.22.11", "@babel/parser@^7.22.5":
  version "7.22.11"
  resolved "https://registry.yarnpkg.com/@babel/parser/-/parser-7.22.11.tgz#becf8ee33aad2a35ed5607f521fe6e72a615f905"
  integrity sha512-R5zb8eJIBPJriQtbH/htEQy4k7E2dHWlD2Y2VT07JCzwYZHBxV5ZYtM0UhXSNMT74LyxuM+b1jdL7pSesXbC/g==

"@babel/plugin-syntax-async-generators@^7.8.4":
  version "7.8.4"
  resolved "https://registry.yarnpkg.com/@babel/plugin-syntax-async-generators/-/plugin-syntax-async-generators-7.8.4.tgz#a983fb1aeb2ec3f6ed042a210f640e90e786fe0d"
  integrity sha512-tycmZxkGfZaxhMRbXlPXuVFpdWlXpir2W4AMhSJgRKzk/eDlIXOhb2LHWoLpDF7TEHylV5zNhykX6KAgHJmTNw==
  dependencies:
    "@babel/helper-plugin-utils" "^7.8.0"

"@babel/plugin-syntax-bigint@^7.8.3":
  version "7.8.3"
  resolved "https://registry.yarnpkg.com/@babel/plugin-syntax-bigint/-/plugin-syntax-bigint-7.8.3.tgz#4c9a6f669f5d0cdf1b90a1671e9a146be5300cea"
  integrity sha512-wnTnFlG+YxQm3vDxpGE57Pj0srRU4sHE/mDkt1qv2YJJSeUAec2ma4WLUnUPeKjyrfntVwe/N6dCXpU+zL3Npg==
  dependencies:
    "@babel/helper-plugin-utils" "^7.8.0"

"@babel/plugin-syntax-class-properties@^7.8.3":
  version "7.12.13"
  resolved "https://registry.yarnpkg.com/@babel/plugin-syntax-class-properties/-/plugin-syntax-class-properties-7.12.13.tgz#b5c987274c4a3a82b89714796931a6b53544ae10"
  integrity sha512-fm4idjKla0YahUNgFNLCB0qySdsoPiZP3iQE3rky0mBUtMZ23yDJ9SJdg6dXTSDnulOVqiF3Hgr9nbXvXTQZYA==
  dependencies:
    "@babel/helper-plugin-utils" "^7.12.13"

"@babel/plugin-syntax-import-meta@^7.8.3":
  version "7.10.4"
  resolved "https://registry.yarnpkg.com/@babel/plugin-syntax-import-meta/-/plugin-syntax-import-meta-7.10.4.tgz#ee601348c370fa334d2207be158777496521fd51"
  integrity sha512-Yqfm+XDx0+Prh3VSeEQCPU81yC+JWZ2pDPFSS4ZdpfZhp4MkFMaDC1UqseovEKwSUpnIL7+vK+Clp7bfh0iD7g==
  dependencies:
    "@babel/helper-plugin-utils" "^7.10.4"

"@babel/plugin-syntax-json-strings@^7.8.3":
  version "7.8.3"
  resolved "https://registry.yarnpkg.com/@babel/plugin-syntax-json-strings/-/plugin-syntax-json-strings-7.8.3.tgz#01ca21b668cd8218c9e640cb6dd88c5412b2c96a"
  integrity sha512-lY6kdGpWHvjoe2vk4WrAapEuBR69EMxZl+RoGRhrFGNYVK8mOPAW8VfbT/ZgrFbXlDNiiaxQnAtgVCZ6jv30EA==
  dependencies:
    "@babel/helper-plugin-utils" "^7.8.0"

"@babel/plugin-syntax-logical-assignment-operators@^7.8.3":
  version "7.10.4"
  resolved "https://registry.yarnpkg.com/@babel/plugin-syntax-logical-assignment-operators/-/plugin-syntax-logical-assignment-operators-7.10.4.tgz#ca91ef46303530448b906652bac2e9fe9941f699"
  integrity sha512-d8waShlpFDinQ5MtvGU9xDAOzKH47+FFoney2baFIoMr952hKOLp1HR7VszoZvOsV/4+RRszNY7D17ba0te0ig==
  dependencies:
    "@babel/helper-plugin-utils" "^7.10.4"

"@babel/plugin-syntax-nullish-coalescing-operator@^7.8.3":
  version "7.8.3"
  resolved "https://registry.yarnpkg.com/@babel/plugin-syntax-nullish-coalescing-operator/-/plugin-syntax-nullish-coalescing-operator-7.8.3.tgz#167ed70368886081f74b5c36c65a88c03b66d1a9"
  integrity sha512-aSff4zPII1u2QD7y+F8oDsz19ew4IGEJg9SVW+bqwpwtfFleiQDMdzA/R+UlWDzfnHFCxxleFT0PMIrR36XLNQ==
  dependencies:
    "@babel/helper-plugin-utils" "^7.8.0"

"@babel/plugin-syntax-numeric-separator@^7.8.3":
  version "7.10.4"
  resolved "https://registry.yarnpkg.com/@babel/plugin-syntax-numeric-separator/-/plugin-syntax-numeric-separator-7.10.4.tgz#b9b070b3e33570cd9fd07ba7fa91c0dd37b9af97"
  integrity sha512-9H6YdfkcK/uOnY/K7/aA2xpzaAgkQn37yzWUMRK7OaPOqOpGS1+n0H5hxT9AUw9EsSjPW8SVyMJwYRtWs3X3ug==
  dependencies:
    "@babel/helper-plugin-utils" "^7.10.4"

"@babel/plugin-syntax-object-rest-spread@^7.8.3":
  version "7.8.3"
  resolved "https://registry.yarnpkg.com/@babel/plugin-syntax-object-rest-spread/-/plugin-syntax-object-rest-spread-7.8.3.tgz#60e225edcbd98a640332a2e72dd3e66f1af55871"
  integrity sha512-XoqMijGZb9y3y2XskN+P1wUGiVwWZ5JmoDRwx5+3GmEplNyVM2s2Dg8ILFQm8rWM48orGy5YpI5Bl8U1y7ydlA==
  dependencies:
    "@babel/helper-plugin-utils" "^7.8.0"

"@babel/plugin-syntax-optional-catch-binding@^7.8.3":
  version "7.8.3"
  resolved "https://registry.yarnpkg.com/@babel/plugin-syntax-optional-catch-binding/-/plugin-syntax-optional-catch-binding-7.8.3.tgz#6111a265bcfb020eb9efd0fdfd7d26402b9ed6c1"
  integrity sha512-6VPD0Pc1lpTqw0aKoeRTMiB+kWhAoT24PA+ksWSBrFtl5SIRVpZlwN3NNPQjehA2E/91FV3RjLWoVTglWcSV3Q==
  dependencies:
    "@babel/helper-plugin-utils" "^7.8.0"

"@babel/plugin-syntax-optional-chaining@^7.8.3":
  version "7.8.3"
  resolved "https://registry.yarnpkg.com/@babel/plugin-syntax-optional-chaining/-/plugin-syntax-optional-chaining-7.8.3.tgz#4f69c2ab95167e0180cd5336613f8c5788f7d48a"
  integrity sha512-KoK9ErH1MBlCPxV0VANkXW2/dw4vlbGDrFgz8bmUsBGYkFRcbRwMh6cIJubdPrkxRwuGdtCk0v/wPTKbQgBjkg==
  dependencies:
    "@babel/helper-plugin-utils" "^7.8.0"

"@babel/plugin-syntax-top-level-await@^7.8.3":
  version "7.14.5"
  resolved "https://registry.yarnpkg.com/@babel/plugin-syntax-top-level-await/-/plugin-syntax-top-level-await-7.14.5.tgz#c1cfdadc35a646240001f06138247b741c34d94c"
  integrity sha512-hx++upLv5U1rgYfwe1xBQUhRmU41NEvpUvrp8jkrSCdvGSnM5/qdRMtylJ6PG5OFkBaHkbTAKTnd3/YyESRHFw==
  dependencies:
    "@babel/helper-plugin-utils" "^7.14.5"

"@babel/plugin-syntax-typescript@^7.7.2":
  version "7.22.5"
  resolved "https://registry.yarnpkg.com/@babel/plugin-syntax-typescript/-/plugin-syntax-typescript-7.22.5.tgz#aac8d383b062c5072c647a31ef990c1d0af90272"
  integrity sha512-1mS2o03i7t1c6VzH6fdQ3OA8tcEIxwG18zIPRp+UY1Ihv6W+XZzBCVxExF9upussPXJ0xE9XRHwMoNs1ep/nRQ==
  dependencies:
    "@babel/helper-plugin-utils" "^7.22.5"

"@babel/runtime@^7.7.2":
  version "7.22.11"
  resolved "https://registry.yarnpkg.com/@babel/runtime/-/runtime-7.22.11.tgz#7a9ba3bbe406ad6f9e8dd4da2ece453eb23a77a4"
  integrity sha512-ee7jVNlWN09+KftVOu9n7S8gQzD/Z6hN/I8VBRXW4P1+Xe7kJGXMwu8vds4aGIMHZnNbdpSWCfZZtinytpcAvA==
  dependencies:
    regenerator-runtime "^0.14.0"

"@babel/template@^7.22.5", "@babel/template@^7.3.3":
  version "7.22.5"
  resolved "https://registry.yarnpkg.com/@babel/template/-/template-7.22.5.tgz#0c8c4d944509875849bd0344ff0050756eefc6ec"
  integrity sha512-X7yV7eiwAxdj9k94NEylvbVHLiVG1nvzCV2EAowhxLTwODV1jl9UzZ48leOC0sH7OnuHrIkllaBgneUykIcZaw==
  dependencies:
    "@babel/code-frame" "^7.22.5"
    "@babel/parser" "^7.22.5"
    "@babel/types" "^7.22.5"

"@babel/traverse@^7.22.11", "@babel/traverse@^7.7.2":
  version "7.22.11"
  resolved "https://registry.yarnpkg.com/@babel/traverse/-/traverse-7.22.11.tgz#71ebb3af7a05ff97280b83f05f8865ac94b2027c"
  integrity sha512-mzAenteTfomcB7mfPtyi+4oe5BZ6MXxWcn4CX+h4IRJ+OOGXBrWU6jDQavkQI9Vuc5P+donFabBfFCcmWka9lQ==
  dependencies:
    "@babel/code-frame" "^7.22.10"
    "@babel/generator" "^7.22.10"
    "@babel/helper-environment-visitor" "^7.22.5"
    "@babel/helper-function-name" "^7.22.5"
    "@babel/helper-hoist-variables" "^7.22.5"
    "@babel/helper-split-export-declaration" "^7.22.6"
    "@babel/parser" "^7.22.11"
    "@babel/types" "^7.22.11"
    debug "^4.1.0"
    globals "^11.1.0"

"@babel/types@^7.0.0", "@babel/types@^7.20.7", "@babel/types@^7.22.10", "@babel/types@^7.22.11", "@babel/types@^7.22.5", "@babel/types@^7.3.3":
  version "7.22.11"
  resolved "https://registry.yarnpkg.com/@babel/types/-/types-7.22.11.tgz#0e65a6a1d4d9cbaa892b2213f6159485fe632ea2"
  integrity sha512-siazHiGuZRz9aB9NpHy9GOs9xiQPKnMzgdr493iI1M67vRXpnEq8ZOOKzezC5q7zwuQ6sDhdSp4SD9ixKSqKZg==
  dependencies:
    "@babel/helper-string-parser" "^7.22.5"
    "@babel/helper-validator-identifier" "^7.22.5"
    to-fast-properties "^2.0.0"

"@bcoe/v8-coverage@^0.2.3":
  version "0.2.3"
  resolved "https://registry.yarnpkg.com/@bcoe/v8-coverage/-/v8-coverage-0.2.3.tgz#75a2e8b51cb758a7553d6804a5932d7aace75c39"
  integrity sha512-0hYQ8SB4Db5zvZB4axdMHGwEaQjkZzFjQiN9LVYvIFB2nSUHW9tYpxWriPrWDASIxiaXax83REcLxuSdnGPZtw==

"@cspotcode/source-map-support@^0.8.0":
  version "0.8.1"
  resolved "https://registry.yarnpkg.com/@cspotcode/source-map-support/-/source-map-support-0.8.1.tgz#00629c35a688e05a88b1cda684fb9d5e73f000a1"
  integrity sha512-IchNf6dN4tHoMFIn/7OE8LWZ19Y6q/67Bmf6vnGREv8RSbBVb9LPJxEcnwrcwX6ixSvaiGoomAUvu4YSxXrVgw==
  dependencies:
    "@jridgewell/trace-mapping" "0.3.9"

"@eshaz/web-worker@1.2.1":
  version "1.2.1"
  resolved "https://registry.yarnpkg.com/@eshaz/web-worker/-/web-worker-1.2.1.tgz#834385830529582589e9790350beb24bf3ac8018"
  integrity sha512-v5AKAVtM0toVD2rDCGjzhySWlXG/sG5HVialdzrxFKTAnFZNCjQelX0n2tPK0tE86jf4s3hpWlpRtOh8OObktg==

"@eslint-community/eslint-utils@^4.2.0":
  version "4.4.0"
  resolved "https://registry.yarnpkg.com/@eslint-community/eslint-utils/-/eslint-utils-4.4.0.tgz#a23514e8fb9af1269d5f7788aa556798d61c6b59"
  integrity sha512-1/sA4dwrzBAyeUoQ6oxahHKmrZvsnLCg4RfxW3ZFGGmQkSNQPFNLV9CUEFQP1x9EYXHTo5p6xdhZM1Ne9p/AfA==
  dependencies:
    eslint-visitor-keys "^3.3.0"

"@eslint-community/regexpp@^4.4.0", "@eslint-community/regexpp@^4.6.1":
  version "4.8.0"
  resolved "https://registry.yarnpkg.com/@eslint-community/regexpp/-/regexpp-4.8.0.tgz#11195513186f68d42fbf449f9a7136b2c0c92005"
  integrity sha512-JylOEEzDiOryeUnFbQz+oViCXS0KsvR1mvHkoMiu5+UiBvy+RYX7tzlIIIEstF/gVa2tj9AQXk3dgnxv6KxhFg==

"@eslint/eslintrc@^2.1.2":
  version "2.1.2"
  resolved "https://registry.yarnpkg.com/@eslint/eslintrc/-/eslintrc-2.1.2.tgz#c6936b4b328c64496692f76944e755738be62396"
  integrity sha512-+wvgpDsrB1YqAMdEUCcnTlpfVBH7Vqn6A/NT3D8WVXFIaKMlErPIZT3oCIAVCOtarRpMtelZLqJeU3t7WY6X6g==
  dependencies:
    ajv "^6.12.4"
    debug "^4.3.2"
    espree "^9.6.0"
    globals "^13.19.0"
    ignore "^5.2.0"
    import-fresh "^3.2.1"
    js-yaml "^4.1.0"
    minimatch "^3.1.2"
    strip-json-comments "^3.1.1"

"@eslint/js@8.48.0":
  version "8.48.0"
  resolved "https://registry.yarnpkg.com/@eslint/js/-/js-8.48.0.tgz#642633964e217905436033a2bd08bf322849b7fb"
  integrity sha512-ZSjtmelB7IJfWD2Fvb7+Z+ChTIKWq6kjda95fLcQKNS5aheVHn4IkfgRQE3sIIzTcSLwLcLZUD9UBt+V7+h+Pw==

"@hapi/boom@^9.1.3":
  version "9.1.4"
  resolved "https://registry.yarnpkg.com/@hapi/boom/-/boom-9.1.4.tgz#1f9dad367c6a7da9f8def24b4a986fc5a7bd9db6"
  integrity sha512-Ls1oH8jaN1vNsqcaHVYJrKmgMcKsC1wcp8bujvXrHaAqD2iDYq3HoOwsxwo09Cuda5R5nC0o0IxlrlTuvPuzSw==
  dependencies:
    "@hapi/hoek" "9.x.x"

"@hapi/hoek@9.x.x":
  version "9.3.0"
  resolved "https://registry.yarnpkg.com/@hapi/hoek/-/hoek-9.3.0.tgz#8368869dcb735be2e7f5cb7647de78e167a251fb"
  integrity sha512-/c6rf4UJlmHlC9b5BaNvzAcFv7HZ2QHaV0D4/HNlBdvFnvQq8RI4kYdhyPCl7Xj+oWvTWQ8ujhqS53LIgAe6KQ==

"@humanwhocodes/config-array@^0.11.10":
  version "0.11.10"
  resolved "https://registry.yarnpkg.com/@humanwhocodes/config-array/-/config-array-0.11.10.tgz#5a3ffe32cc9306365fb3fd572596cd602d5e12d2"
  integrity sha512-KVVjQmNUepDVGXNuoRRdmmEjruj0KfiGSbS8LVc12LMsWDQzRXJ0qdhN8L8uUigKpfEHRhlaQFY0ib1tnUbNeQ==
  dependencies:
    "@humanwhocodes/object-schema" "^1.2.1"
    debug "^4.1.1"
    minimatch "^3.0.5"

"@humanwhocodes/module-importer@^1.0.1":
  version "1.0.1"
  resolved "https://registry.yarnpkg.com/@humanwhocodes/module-importer/-/module-importer-1.0.1.tgz#af5b2691a22b44be847b0ca8
